
Microsoft Visual Studio Solution File, Format Version 12.00
# Visual Studio 2017
Project("{FAE04EC0-301F-11D3-BF4B-00C04F79EFBC}") = "ProjectIntro", "ProjectIntro.csproj", "{C78F415A-A7CE-1B47-D8A6-770AC6DB627D}"
EndProject
Project("{FAE04EC0-301F-11D3-BF4B-00C04F79EFBC}") = "ProjectIntro.Editor", "ProjectIntro.Editor.csproj", "{52E90A01-E645-9CE8-FAB4-A9CC95DE8063}"
EndProject
Global
	GlobalSection(SolutionConfigurationPlatforms) = preSolution
		Debug|Any CPU = Debug|Any CPU
		Release|Any CPU = Release|Any CPU
	EndGlobalSection
	GlobalSection(ProjectConfigurationPlatforms) = postSolution
		{C78F415A-A7CE-1B47-D8A6-770AC6DB627D}.Debug|Any CPU.ActiveCfg = Debug|Any CPU
		{C78F415A-A7CE-1B47-D8A6-770AC6DB627D}.Debug|Any CPU.Build.0 = Debug|Any CPU
		{C78F415A-A7CE-1B47-D8A6-770AC6DB627D}.Release|Any CPU.ActiveCfg = Release|Any CPU
		{C78F415A-A7CE-1B47-D8A6-770AC6DB627D}.Release|Any CPU.Build.0 = Release|Any CPU
		{52E90A01-E645-9CE8-FAB4-A9CC95DE8063}.Debug|Any CPU.ActiveCfg = Debug|Any CPU
		{52E90A01-E645-9CE8-FAB4-A9CC95DE8063}.Debug|Any CPU.Build.0 = Debug|Any CPU
		{52E90A01-E645-9CE8-FAB4-A9CC95DE8063}.Release|Any CPU.ActiveCfg = Release|Any CPU
		{52E90A01-E645-9CE8-FAB4-A9CC95DE8063}.Release|Any CPU.Build.0 = Release|Any CPU
	EndGlobalSection
	GlobalSection(SolutionProperties) = preSolution
		HideSolutionNode = FALSE
	EndGlobalSection
EndGlobal
